<?xml version="1.0" encoding="utf-8"?>
<Project ToolsVersion="4.0" xmlns="http://schemas.microsoft.com/developer/msbuild/2003">
  <ItemGroup>
    <Filter Include="리소스 파일">
      <UniqueIdentifier>{67DA6AB6-F800-4c08-8B7A-83BB121AAD01}</UniqueIdentifier>
      <Extensions>rc;ico;cur;bmp;dlg;rc2;rct;bin;rgs;gif;jpg;jpeg;jpe;resx;tiff;tif;png;wav;mfcribbon-ms</Extensions>
    </Filter>
    <Filter Include="Default">
      <UniqueIdentifier>{63561e07-ccf5-43d5-95f1-dc3d7fcffaf3}</UniqueIdentifier>
    </Filter>
    <Filter Include="Game">
      <UniqueIdentifier>{30319835-5d72-4238-9015-52255fdbedbe}</UniqueIdentifier>
    </Filter>
    <Filter Include="Game\01. Header">
      <UniqueIdentifier>{bbe62329-6c31-48b9-aa7f-764fe3072f4d}</UniqueIdentifier>
    </Filter>
    <Filter Include="Game\02. Engine">
      <UniqueIdentifier>{16f95c8e-ba10-46c8-ad23-c45798018363}</UniqueIdentifier>
    </Filter>
    <Filter Include="Game\03. Manager">
      <UniqueIdentifier>{afb3a8a8-47cd-4cd0-bc39-4e9030d0bea9}</UniqueIdentifier>
    </Filter>
    <Filter Include="Game\03. Manager\01. TimeMgr">
      <UniqueIdentifier>{750ca2ae-77b9-4651-987b-bc0f0a9ee4e7}</UniqueIdentifier>
    </Filter>
    <Filter Include="Game\Base">
      <UniqueIdentifier>{c6be3b12-8419-45cf-9fa8-0b0ee94fa325}</UniqueIdentifier>
    </Filter>
    <Filter Include="Game\05. Object">
      <UniqueIdentifier>{b2b1c9bd-f3a4-4a7a-b2e9-167e7e67cb05}</UniqueIdentifier>
    </Filter>
    <Filter Include="Game\04. Level">
      <UniqueIdentifier>{72d6c776-e334-4073-865f-f808bb073405}</UniqueIdentifier>
    </Filter>
    <Filter Include="Game\05. Object\01. Player">
      <UniqueIdentifier>{b91b6516-fa76-4bd8-897a-f89da4afb32c}</UniqueIdentifier>
    </Filter>
    <Filter Include="Game\05. Object\02. Monster">
      <UniqueIdentifier>{a6b2551f-13fb-44b8-aa99-847e1a852f8e}</UniqueIdentifier>
    </Filter>
    <Filter Include="Game\03. Manager\02. KeyMgr">
      <UniqueIdentifier>{9c1dd743-14a5-4488-8742-64fcde4e7d83}</UniqueIdentifier>
    </Filter>
    <Filter Include="Game\03. Manager\03. LevelMgr">
      <UniqueIdentifier>{d8384adb-fbc8-41bc-b238-aacbc9adfd8b}</UniqueIdentifier>
    </Filter>
    <Filter Include="Game\05. Object\03. Missile">
      <UniqueIdentifier>{9d1d5ff5-80bf-45b1-a9af-01a110ff1284}</UniqueIdentifier>
    </Filter>
    <Filter Include="Game\03. Manager\07. TaskMgr">
      <UniqueIdentifier>{b990b169-0336-4bdf-9334-660d2194eb5b}</UniqueIdentifier>
    </Filter>
    <Filter Include="Game\07. Asset">
      <UniqueIdentifier>{0d349009-d8fb-4bcc-a31f-6d55f6350c4f}</UniqueIdentifier>
    </Filter>
    <Filter Include="Game\07. Asset\01. Texture">
      <UniqueIdentifier>{4594154a-d1d5-4bc1-b9e3-884157ec1a3e}</UniqueIdentifier>
    </Filter>
    <Filter Include="Game\07. Asset\02. Sound">
      <UniqueIdentifier>{b276fdcb-3eb0-497c-88b7-5a3b194525a8}</UniqueIdentifier>
    </Filter>
    <Filter Include="Game\03. Manager\06. PathMgr">
      <UniqueIdentifier>{b14455c7-2ebe-40a0-bb27-85caa46e083d}</UniqueIdentifier>
    </Filter>
    <Filter Include="Game\03. Manager\04. AssetMgr">
      <UniqueIdentifier>{08cdb866-f5cd-4638-a109-9086101a803d}</UniqueIdentifier>
    </Filter>
    <Filter Include="Game\06. Component">
      <UniqueIdentifier>{15aca77f-1fb5-4620-9098-10c422af12df}</UniqueIdentifier>
    </Filter>
    <Filter Include="Game\06. Component\01. Collider">
      <UniqueIdentifier>{bac4d85f-b9ea-4ae3-ac9f-e4f564794cba}</UniqueIdentifier>
    </Filter>
    <Filter Include="Game\06. Component\02. Animator">
      <UniqueIdentifier>{c3dcb0f3-be66-4bde-a106-4c27f5aa6569}</UniqueIdentifier>
    </Filter>
    <Filter Include="Game\06. Component\04. TileMap">
      <UniqueIdentifier>{d2660b1b-b7be-4bdf-b120-b7a9556defc4}</UniqueIdentifier>
    </Filter>
    <Filter Include="Game\06. Component\05. StateMachine">
      <UniqueIdentifier>{1a6fbe25-c969-42c3-9e40-38bfc9a58539}</UniqueIdentifier>
    </Filter>
    <Filter Include="Game\06. Component\03. RigidBody">
      <UniqueIdentifier>{b5a25d21-1903-4978-b974-d381f53ebe10}</UniqueIdentifier>
    </Filter>
    <Filter Include="Game\03. Manager\08. DebugMgr">
      <UniqueIdentifier>{5f669268-5a33-49d5-adca-f4a74934917b}</UniqueIdentifier>
    </Filter>
    <Filter Include="Game\08. Module">
      <UniqueIdentifier>{9a641e9f-5399-4194-b1e0-df0c11faaa9d}</UniqueIdentifier>
    </Filter>
    <Filter Include="Game\03. Manager\09. CollisionMgr">
      <UniqueIdentifier>{a1d78928-3215-45be-91d5-7e9901ecfa67}</UniqueIdentifier>
    </Filter>
    <Filter Include="Game\05. Object\03. Missile\GuidedMissile">
      <UniqueIdentifier>{c2f09d61-440e-492d-8f96-7e9885c7b39e}</UniqueIdentifier>
    </Filter>
    <Filter Include="Game\05. Object\02. Monster\Block">
      <UniqueIdentifier>{6db4eb59-7c65-433c-957a-fb2601ebdea9}</UniqueIdentifier>
    </Filter>
  </ItemGroup>
  <ItemGroup>
    <ClInclude Include="Resource.h">
      <Filter>Default</Filter>
    </ClInclude>
    <ClInclude Include="targetver.h">
      <Filter>Default</Filter>
    </ClInclude>
    <ClInclude Include="WinAPI.h">
      <Filter>Default</Filter>
    </ClInclude>
    <ClInclude Include="CEngine.h">
      <Filter>Game\02. Engine</Filter>
    </ClInclude>
    <ClInclude Include="define.h">
      <Filter>Game\01. Header</Filter>
    </ClInclude>
    <ClInclude Include="struct.h">
      <Filter>Game\01. Header</Filter>
    </ClInclude>
    <ClInclude Include="func.h">
      <Filter>Game\01. Header</Filter>
    </ClInclude>
    <ClInclude Include="global.h">
      <Filter>Game\01. Header</Filter>
    </ClInclude>
    <ClInclude Include="pch.h">
      <Filter>Default</Filter>
    </ClInclude>
    <ClInclude Include="enum.h">
      <Filter>Game\01. Header</Filter>
    </ClInclude>
    <ClInclude Include="CTimeMgr.h">
      <Filter>Game\03. Manager\01. TimeMgr</Filter>
    </ClInclude>
    <ClInclude Include="CBase.h">
      <Filter>Game\Base</Filter>
    </ClInclude>
    <ClInclude Include="CObj.h">
      <Filter>Game\05. Object</Filter>
    </ClInclude>
    <ClInclude Include="CLevel.h">
      <Filter>Game\04. Level</Filter>
    </ClInclude>
    <ClInclude Include="CPlayer.h">
      <Filter>Game\05. Object\01. Player</Filter>
    </ClInclude>
    <ClInclude Include="CMonster.h">
      <Filter>Game\05. Object\02. Monster</Filter>
    </ClInclude>
    <ClInclude Include="CKeyMgr.h">
      <Filter>Game\03. Manager\02. KeyMgr</Filter>
    </ClInclude>
    <ClInclude Include="CLevelMgr.h">
      <Filter>Game\03. Manager\03. LevelMgr</Filter>
    </ClInclude>
    <ClInclude Include="CMissile.h">
      <Filter>Game\05. Object\03. Missile</Filter>
    </ClInclude>
    <ClInclude Include="CTaskMgr.h">
      <Filter>Game\03. Manager\07. TaskMgr</Filter>
    </ClInclude>
    <ClInclude Include="CAsset.h">
      <Filter>Game\07. Asset</Filter>
    </ClInclude>
    <ClInclude Include="CTexture.h">
      <Filter>Game\07. Asset\01. Texture</Filter>
    </ClInclude>
    <ClInclude Include="CPathMgr.h">
      <Filter>Game\03. Manager\06. PathMgr</Filter>
    </ClInclude>
    <ClInclude Include="CAssetMgr.h">
      <Filter>Game\03. Manager\04. AssetMgr</Filter>
    </ClInclude>
    <ClInclude Include="CComponent.h">
      <Filter>Game\06. Component</Filter>
    </ClInclude>
    <ClInclude Include="CCollider.h">
      <Filter>Game\06. Component\01. Collider</Filter>
    </ClInclude>
    <ClInclude Include="CDebugMgr.h">
      <Filter>Game\03. Manager\08. DebugMgr</Filter>
    </ClInclude>
    <ClInclude Include="CSelectObject.h">
      <Filter>Game\08. Module</Filter>
    </ClInclude>
    <ClInclude Include="CCollisionMgr.h">
      <Filter>Game\03. Manager\09. CollisionMgr</Filter>
    </ClInclude>
    <ClInclude Include="CGuidedMissile.h">
      <Filter>Game\05. Object\03. Missile\GuidedMissile</Filter>
    </ClInclude>
    <ClInclude Include="CGameMgr.h" />
    <ClInclude Include="CBlock.h">
      <Filter>Game\05. Object\02. Monster\Block</Filter>
    </ClInclude>
  </ItemGroup>
  <ItemGroup>
    <ResourceCompile Include="WinAPI.rc">
      <Filter>리소스 파일</Filter>
    </ResourceCompile>
  </ItemGroup>
  <ItemGroup>
    <Image Include="small.ico">
      <Filter>리소스 파일</Filter>
    </Image>
    <Image Include="WinAPI.ico">
      <Filter>리소스 파일</Filter>
    </Image>
  </ItemGroup>
  <ItemGroup>
    <ClCompile Include="main.cpp" />
    <ClCompile Include="CEngine.cpp">
      <Filter>Game\02. Engine</Filter>
    </ClCompile>
    <ClCompile Include="pch.cpp">
      <Filter>Default</Filter>
    </ClCompile>
    <ClCompile Include="CTimeMgr.cpp">
      <Filter>Game\03. Manager\01. TimeMgr</Filter>
    </ClCompile>
    <ClCompile Include="CBase.cpp">
      <Filter>Game\Base</Filter>
    </ClCompile>
    <ClCompile Include="CObj.cpp">
      <Filter>Game\05. Object</Filter>
    </ClCompile>
    <ClCompile Include="CLevel.cpp">
      <Filter>Game\04. Level</Filter>
    </ClCompile>
    <ClCompile Include="CPlayer.cpp">
      <Filter>Game\05. Object\01. Player</Filter>
    </ClCompile>
    <ClCompile Include="CMonster.cpp">
      <Filter>Game\05. Object\02. Monster</Filter>
    </ClCompile>
    <ClCompile Include="CKeyMgr.cpp">
      <Filter>Game\03. Manager\02. KeyMgr</Filter>
    </ClCompile>
    <ClCompile Include="CLevelMgr.cpp">
      <Filter>Game\03. Manager\03. LevelMgr</Filter>
    </ClCompile>
    <ClCompile Include="CMissile.cpp">
      <Filter>Game\05. Object\03. Missile</Filter>
    </ClCompile>
    <ClCompile Include="CTaskMgr.cpp">
      <Filter>Game\03. Manager\07. TaskMgr</Filter>
    </ClCompile>
    <ClCompile Include="func.cpp">
      <Filter>Game\01. Header</Filter>
    </ClCompile>
    <ClCompile Include="CAsset.cpp">
      <Filter>Game\07. Asset</Filter>
    </ClCompile>
    <ClCompile Include="CTexture.cpp">
      <Filter>Game\07. Asset\01. Texture</Filter>
    </ClCompile>
    <ClCompile Include="CPathMgr.cpp">
      <Filter>Game\03. Manager\06. PathMgr</Filter>
    </ClCompile>
    <ClCompile Include="CAssetMgr.cpp">
      <Filter>Game\03. Manager\04. AssetMgr</Filter>
    </ClCompile>
    <ClCompile Include="CComponent.cpp">
      <Filter>Game\06. Component</Filter>
    </ClCompile>
    <ClCompile Include="CCollider.cpp">
      <Filter>Game\06. Component\01. Collider</Filter>
    </ClCompile>
    <ClCompile Include="CDebugMgr.cpp">
      <Filter>Game\03. Manager\08. DebugMgr</Filter>
    </ClCompile>
    <ClCompile Include="CSelectObject.cpp">
      <Filter>Game\08. Module</Filter>
    </ClCompile>
    <ClCompile Include="CCollisionMgr.cpp">
      <Filter>Game\03. Manager\09. CollisionMgr</Filter>
    </ClCompile>
    <ClCompile Include="CGuidedMissile.cpp">
      <Filter>Game\05. Object\03. Missile\GuidedMissile</Filter>
    </ClCompile>
    <ClCompile Include="CGameMgr.cpp" />
    <ClCompile Include="CBlock.cpp">
      <Filter>Game\05. Object\02. Monster\Block</Filter>
    </ClCompile>
  </ItemGroup>
</Project>